
Microsoft Visual Studio Solution File, Format Version 12.00
# Visual Studio Version 16
VisualStudioVersion = 16.0.31112.23
MinimumVisualStudioVersion = 10.0.40219.1
Project("{FAE04EC0-301F-11D3-BF4B-00C04F79EFBC}") = "School_Management", "School_Management\School_Management.csproj", "{E9B5FC56-A660-48A7-8561-17799351F03D}"
EndProject
Global
	GlobalSection(SolutionConfigurationPlatforms) = preSolution
		Debug|Any CPU = Debug|Any CPU
		Release|Any CPU = Release|Any CPU
	EndGlobalSection
	GlobalSection(ProjectConfigurationPlatforms) = postSolution
		{E9B5FC56-A660-48A7-8561-17799351F03D}.Debug|Any CPU.ActiveCfg = Debug|Any CPU
		{E9B5FC56-A660-48A7-8561-17799351F03D}.Debug|Any CPU.Build.0 = Debug|Any CPU
		{E9B5FC56-A660-48A7-8561-17799351F03D}.Release|Any CPU.ActiveCfg = Release|Any CPU
		{E9B5FC56-A660-48A7-8561-17799351F03D}.Release|Any CPU.Build.0 = Release|Any CPU
	EndGlobalSection
	GlobalSection(SolutionProperties) = preSolution
		HideSolutionNode = FALSE
	EndGlobalSection
	GlobalSection(ExtensibilityGlobals) = postSolution
		SolutionGuid = {7D055275-E543-451D-80D9-272228870125}
	EndGlobalSection
EndGlobal
